
Microsoft Visual Studio Solution File, Format Version 12.00
Project("{FAE04EC0-301F-11D3-BF4B-00C04F79EFBC}") = "APBD02_RentalSystem", "APBD02_RentalSystem\APBD02_RentalSystem.csproj", "{120BB57B-B24C-46D7-91FC-96EED5AC997D}"
EndProject
Global
	GlobalSection(SolutionConfigurationPlatforms) = preSolution
		Debug|Any CPU = Debug|Any CPU
		Release|Any CPU = Release|Any CPU
	EndGlobalSection
	GlobalSection(ProjectConfigurationPlatforms) = postSolution
		{120BB57B-B24C-46D7-91FC-96EED5AC997D}.Debug|Any CPU.ActiveCfg = Debug|Any CPU
		{120BB57B-B24C-46D7-91FC-96EED5AC997D}.Debug|Any CPU.Build.0 = Debug|Any CPU
		{120BB57B-B24C-46D7-91FC-96EED5AC997D}.Release|Any CPU.ActiveCfg = Release|Any CPU
		{120BB57B-B24C-46D7-91FC-96EED5AC997D}.Release|Any CPU.Build.0 = Release|Any CPU
	EndGlobalSection
EndGlobal
